// !$*UTF8*$!
{
	archiveVersion = 1;
	classes = {
	};
	objectVersion = 50;
	objects = {

/* Begin PBXBuildFile section */
		2B081BFD26C68D3500880D43 /* AppDelegate.swift in Sources */ = {isa = PBXBuildFile; fileRef = 2B081BFC26C68D3500880D43 /* AppDelegate.swift */; };
		2B081BFF26C68D3500880D43 /* SceneDelegate.swift in Sources */ = {isa = PBXBuildFile; fileRef = 2B081BFE26C68D3500880D43 /* SceneDelegate.swift */; };
		2B081C0126C68D3500880D43 /* ViewController.swift in Sources */ = {isa = PBXBuildFile; fileRef = 2B081C0026C68D3500880D43 /* ViewController.swift */; };
		2B081C0426C68D3500880D43 /* Main.storyboard in Resources */ = {isa = PBXBuildFile; fileRef = 2B081C0226C68D3500880D43 /* Main.storyboard */; };
		2B081C0626C68D3500880D43 /* Assets.xcassets in Resources */ = {isa = PBXBuildFile; fileRef = 2B081C0526C68D3500880D43 /* Assets.xcassets */; };
		2B081C0926C68D3500880D43 /* LaunchScreen.storyboard in Resources */ = {isa = PBXBuildFile; fileRef = 2B081C0726C68D3500880D43 /* LaunchScreen.storyboard */; };
		2B081C1226C68D7B00880D43 /* libsqlite3.tbd in Frameworks */ = {isa = PBXBuildFile; fileRef = 2B081C1126C68D6500880D43 /* libsqlite3.tbd */; };
		2BA1C9B526C6F4A5007D8A59 /* ViewController+TableViewDelegates.swift in Sources */ = {isa = PBXBuildFile; fileRef = 2BA1C9B426C6F4A5007D8A59 /* ViewController+TableViewDelegates.swift */; };
		2BA1C9B726C6F561007D8A59 /* ViewController+SQLite.swift in Sources */ = {isa = PBXBuildFile; fileRef = 2BA1C9B626C6F561007D8A59 /* ViewController+SQLite.swift */; };
/* End PBXBuildFile section */

/* Begin PBXFileReference section */
		2B081BF926C68D3500880D43 /* SqliteDemo.app */ = {isa = PBXFileReference; explicitFileType = wrapper.application; includeInIndex = 0; path = SqliteDemo.app; sourceTree = BUILT_PRODUCTS_DIR; };
		2B081BFC26C68D3500880D43 /* AppDelegate.swift */ = {isa = PBXFileReference; lastKnownFileType = sourcecode.swift; path = AppDelegate.swift; sourceTree = "<group>"; };
		2B081BFE26C68D3500880D43 /* SceneDelegate.swift */ = {isa = PBXFileReference; lastKnownFileType = sourcecode.swift; path = SceneDelegate.swift; sourceTree = "<group>"; };
		2B081C0026C68D3500880D43 /* ViewController.swift */ = {isa = PBXFileReference; lastKnownFileType = sourcecode.swift; path = ViewController.swift; sourceTree = "<group>"; };
		2B081C0326C68D3500880D43 /* Base */ = {isa = PBXFileReference; lastKnownFileType = file.storyboard; name = Base; path = Base.lproj/Main.storyboard; sourceTree = "<group>"; };
		2B081C0526C68D3500880D43 /* Assets.xcassets */ = {isa = PBXFileReference; lastKnownFileType = folder.assetcatalog; path = Assets.xcassets; sourceTree = "<group>"; };
		2B081C0826C68D3500880D43 /* Base */ = {isa = PBXFileReference; lastKnownFileType = file.storyboard; name = Base; path = Base.lproj/LaunchScreen.storyboard; sourceTree = "<group>"; };
		2B081C0A26C68D3500880D43 /* Info.plist */ = {isa = PBXFileReference; lastKnownFileType = text.plist.xml; path = Info.plist; sourceTree = "<group>"; };
		2B081C1126C68D6500880D43 /* libsqlite3.tbd */ = {isa = PBXFileReference; lastKnownFileType = "sourcecode.text-based-dylib-definition"; name = libsqlite3.tbd; path = usr/lib/libsqlite3.tbd; sourceTree = SDKROOT; };
		2BA1C9B426C6F4A5007D8A59 /* ViewController+TableViewDelegates.swift */ = {isa = PBXFileReference; lastKnownFileType = sourcecode.swift; path = "ViewController+TableViewDelegates.swift"; sourceTree = "<group>"; };
		2BA1C9B626C6F561007D8A59 /* ViewController+SQLite.swift */ = {isa = PBXFileReference; lastKnownFileType = sourcecode.swift; path = "ViewController+SQLite.swift"; sourceTree = "<group>"; };
/* End PBXFileReference section */

/* Begin PBXFrameworksBuildPhase section */
		2B081BF626C68D3500880D43 /* Frameworks */ = {
			isa = PBXFrameworksBuildPhase;
			buildActionMask = 2147483647;
			files = (
				2B081C1226C68D7B00880D43 /* libsqlite3.tbd in Frameworks */,
			);
			runOnlyForDeploymentPostprocessing = 0;
		};
/* End PBXFrameworksBuildPhase section */

/* Begin PBXGroup section */
		2B081BF026C68D3400880D43 = {
			isa = PBXGroup;
			children = (
				2B081BFB26C68D3500880D43 /* SqliteDemo */,
				2B081BFA26C68D3500880D43 /* Products */,
				2B081C1026C68D6500880D43 /* Frameworks */,
			);
			sourceTree = "<group>";
		};
		2B081BFA26C68D3500880D43 /* Products */ = {
			isa = PBXGroup;
			children = (
				2B081BF926C68D3500880D43 /* SqliteDemo.app */,
			);
			name = Products;
			sourceTree = "<group>";
		};
		2B081BFB26C68D3500880D43 /* SqliteDemo */ = {
			isa = PBXGroup;
			children = (
				2B081C1326C68D8400880D43 /* Delegate */,
				2B081C1626C68DCB00880D43 /* Assets */,
				2B081C1426C68D9300880D43 /* Controllers */,
				2B081C1526C68DB200880D43 /* View */,
				2B081C0A26C68D3500880D43 /* Info.plist */,
			);
			path = SqliteDemo;
			sourceTree = "<group>";
		};
		2B081C1026C68D6500880D43 /* Frameworks */ = {
			isa = PBXGroup;
			children = (
				2B081C1126C68D6500880D43 /* libsqlite3.tbd */,
			);
			name = Frameworks;
			sourceTree = "<group>";
		};
		2B081C1326C68D8400880D43 /* Delegate */ = {
			isa = PBXGroup;
			children = (
				2B081BFC26C68D3500880D43 /* AppDelegate.swift */,
				2B081BFE26C68D3500880D43 /* SceneDelegate.swift */,
			);
			path = Delegate;
			sourceTree = "<group>";
		};
		2B081C1426C68D9300880D43 /* Controllers */ = {
			isa = PBXGroup;
			children = (
				2B081C0026C68D3500880D43 /* ViewController.swift */,
				2BA1C9B426C6F4A5007D8A59 /* ViewController+TableViewDelegates.swift */,
				2BA1C9B626C6F561007D8A59 /* ViewController+SQLite.swift */,
			);
			path = Controllers;
			sourceTree = "<group>";
		};
		2B081C1526C68DB200880D43 /* View */ = {
			isa = PBXGroup;
			children = (
				2B081C0726C68D3500880D43 /* LaunchScreen.storyboard */,
				2B081C0226C68D3500880D43 /* Main.storyboard */,
			);
			path = View;
			sourceTree = "<group>";
		};
		2B081C1626C68DCB00880D43 /* Assets */ = {
			isa = PBXGroup;
			children = (
				2B081C0526C68D3500880D43 /* Assets.xcassets */,
			);
			path = Assets;
			sourceTree = "<group>";
		};
/* End PBXGroup section */

/* Begin PBXNativeTarget section */
		2B081BF826C68D3500880D43 /* SqliteDemo */ = {
			isa = PBXNativeTarget;
			buildConfigurationList = 2B081C0D26C68D3500880D43 /* Build configuration list for PBXNativeTarget "SqliteDemo" */;
			buildPhases = (
				2B081BF526C68D3500880D43 /* Sources */,
				2B081BF626C68D3500880D43 /* Frameworks */,
				2B081BF726C68D3500880D43 /* Resources */,
			);
			buildRules = (
			);
			dependencies = (
			);
			name = SqliteDemo;
			productName = SqliteDemo;
			productReference = 2B081BF926C68D3500880D43 /* SqliteDemo.app */;
			productType = "com.apple.product-type.application";
		};
/* End PBXNativeTarget section */

/* Begin PBXProject section */
		2B081BF126C68D3400880D43 /* Project object */ = {
			isa = PBXProject;
			attributes = {
				LastSwiftUpdateCheck = 1250;
				LastUpgradeCheck = 1250;
				TargetAttributes = {
					2B081BF826C68D3500880D43 = {
						CreatedOnToolsVersion = 12.5.1;
					};
				};
			};
			buildConfigurationList = 2B081BF426C68D3400880D43 /* Build configuration list for PBXProject "SqliteDemo" */;
			compatibilityVersion = "Xcode 9.3";
			developmentRegion = en;
			hasScannedForEncodings = 0;
			knownRegions = (
				en,
				Base,
			);
			mainGroup = 2B081BF026C68D3400880D43;
			productRefGroup = 2B081BFA26C68D3500880D43 /* Products */;
			projectDirPath = "";
			projectRoot = "";
			targets = (
				2B081BF826C68D3500880D43 /* SqliteDemo */,
			);
		};
/* End PBXProject section */

/* Begin PBXResourcesBuildPhase section */
		2B081BF726C68D3500880D43 /* Resources */ = {
			isa = PBXResourcesBuildPhase;
			buildActionMask = 2147483647;
			files = (
				2B081C0926C68D3500880D43 /* LaunchScreen.storyboard in Resources */,
				2B081C0626C68D3500880D43 /* Assets.xcassets in Resources */,
				2B081C0426C68D3500880D43 /* Main.storyboard in Resources */,
			);
			runOnlyForDeploymentPostprocessing = 0;
		};
/* End PBXResourcesBuildPhase section */

/* Begin PBXSourcesBuildPhase section */
		2B081BF526C68D3500880D43 /* Sources */ = {
			isa = PBXSourcesBuildPhase;
			buildActionMask = 2147483647;
			files = (
				2B081C0126C68D3500880D43 /* ViewController.swift in Sources */,
				2BA1C9B526C6F4A5007D8A59 /* ViewController+TableViewDelegates.swift in Sources */,
				2BA1C9B726C6F561007D8A59 /* ViewController+SQLite.swift in Sources */,
				2B081BFD26C68D3500880D43 /* AppDelegate.swift in Sources */,
				2B081BFF26C68D3500880D43 /* SceneDelegate.swift in Sources */,
			);
			runOnlyForDeploymentPostprocessing = 0;
		};
/* End PBXSourcesBuildPhase section */

/* Begin PBXVariantGroup section */
		2B081C0226C68D3500880D43 /* Main.storyboard */ = {
			isa = PBXVariantGroup;
			children = (
				2B081C0326C68D3500880D43 /* Base */,
			);
			name = Main.storyboard;
			sourceTree = "<group>";
		};
		2B081C0726C68D3500880D43 /* LaunchScreen.storyboard */ = {
			isa = PBXVariantGroup;
			children = (
				2B081C0826C68D3500880D43 /* Base */,
			);
			name = LaunchScreen.storyboard;
			sourceTree = "<group>";
		};
/* End PBXVariantGroup section */

/* Begin XCBuildConfiguration section */
		2B081C0B26C68D3500880D43 /* Debug */ = {
			isa = XCBuildConfiguration;
			buildSettings = {
				ALWAYS_SEARCH_USER_PATHS = NO;
				CLANG_ANALYZER_NONNULL = YES;
				CLANG_ANALYZER_NUMBER_OBJECT_CONVERSION = YES_AGGRESSIVE;
				CLANG_CXX_LANGUAGE_STANDARD = "gnu++14";
				CLANG_CXX_LIBRARY = "libc++";
				CLANG_ENABLE_MODULES = YES;
				CLANG_ENABLE_OBJC_ARC = YES;
				CLANG_ENABLE_OBJC_WEAK = YES;
				CLANG_WARN_BLOCK_CAPTURE_AUTORELEASING = YES;
				CLANG_WARN_BOOL_CONVERSION = YES;
				CLANG_WARN_COMMA = YES;
				CLANG_WARN_CONSTANT_CONVERSION = YES;
				CLANG_WARN_DEPRECATED_OBJC_IMPLEMENTATIONS = YES;
				CLANG_WARN_DIRECT_OBJC_ISA_USAGE = YES_ERROR;
				CLANG_WARN_DOCUMENTATION_COMMENTS = YES;
				CLANG_WARN_EMPTY_BODY = YES;
				CLANG_WARN_ENUM_CONVERSION = YES;
				CLANG_WARN_INFINITE_RECURSION = YES;
				CLANG_WARN_INT_CONVERSION = YES;
				CLANG_WARN_NON_LITERAL_NULL_CONVERSION = YES;
				CLANG_WARN_OBJC_IMPLICIT_RETAIN_SELF = YES;
				CLANG_WARN_OBJC_LITERAL_CONVERSION = YES;
				CLANG_WARN_OBJC_ROOT_CLASS = YES_ERROR;
				CLANG_WARN_QUOTED_INCLUDE_IN_FRAMEWORK_HEADER = YES;
				CLANG_WARN_RANGE_LOOP_ANALYSIS = YES;
				CLANG_WARN_STRICT_PROTOTYPES = YES;
				CLANG_WARN_SUSPICIOUS_MOVE = YES;
				CLANG_WARN_UNGUARDED_AVAILABILITY = YES_AGGRESSIVE;
				CLANG_WARN_UNREACHABLE_CODE = YES;
				CLANG_WARN__DUPLICATE_METHOD_MATCH = YES;
				COPY_PHASE_STRIP = NO;
				DEBUG_INFORMATION_FORMAT = dwarf;
				ENABLE_STRICT_OBJC_MSGSEND = YES;
				ENABLE_TESTABILITY = YES;
				GCC_C_LANGUAGE_STANDARD = gnu11;
				GCC_DYNAMIC_NO_PIC = NO;
				GCC_NO_COMMON_BLOCKS = YES;
				GCC_OPTIMIZATION_LEVEL = 0;
				GCC_PREPROCESSOR_DEFINITIONS = (
					"DEBUG=1",
					"$(inherited)",
				);
				GCC_WARN_64_TO_32_BIT_CONVERSION = YES;
				GCC_WARN_ABOUT_RETURN_TYPE = YES_ERROR;
				GCC_WARN_UNDECLARED_SELECTOR = YES;
				GCC_WARN_UNINITIALIZED_AUTOS = YES_AGGRESSIVE;
				GCC_WARN_UNUSED_FUNCTION = YES;
				GCC_WARN_UNUSED_VARIABLE = YES;
				IPHONEOS_DEPLOYMENT_TARGET = 14.5;
				MTL_ENABLE_DEBUG_INFO = INCLUDE_SOURCE;
				MTL_FAST_MATH = YES;
				ONLY_ACTIVE_ARCH = YES;
				SDKROOT = iphoneos;
				SWIFT_ACTIVE_COMPILATION_CONDITIONS = DEBUG;
				SWIFT_OPTIMIZATION_LEVEL = "-Onone";
			};
			name = Debug;
		};
		2B081C0C26C68D3500880D43 /* Release */ = {
			isa = XCBuildConfiguration;
			buildSettings = {
				ALWAYS_SEARCH_USER_PATHS = NO;
				CLANG_ANALYZER_NONNULL = YES;
				CLANG_ANALYZER_NUMBER_OBJECT_CONVERSION = YES_AGGRESSIVE;
				CLANG_CXX_LANGUAGE_STANDARD = "gnu++14";
				CLANG_CXX_LIBRARY = "libc++";
				CLANG_ENABLE_MODULES = YES;
				CLANG_ENABLE_OBJC_ARC = YES;
				CLANG_ENABLE_OBJC_WEAK = YES;
				CLANG_WARN_BLOCK_CAPTURE_AUTORELEASING = YES;
				CLANG_WARN_BOOL_CONVERSION = YES;
				CLANG_WARN_COMMA = YES;
				CLANG_WARN_CONSTANT_CONVERSION = YES;
				CLANG_WARN_DEPRECATED_OBJC_IMPLEMENTATIONS = YES;
				CLANG_WARN_DIRECT_OBJC_ISA_USAGE = YES_ERROR;
				CLANG_WARN_DOCUMENTATION_COMMENTS = YES;
				CLANG_WARN_EMPTY_BODY = YES;
				CLANG_WARN_ENUM_CONVERSION = YES;
				CLANG_WARN_INFINITE_RECURSION = YES;
				CLANG_WARN_INT_CONVERSION = YES;
				CLANG_WARN_NON_LITERAL_NULL_CONVERSION = YES;
				CLANG_WARN_OBJC_IMPLICIT_RETAIN_SELF = YES;
				CLANG_WARN_OBJC_LITERAL_CONVERSION = YES;
				CLANG_WARN_OBJC_ROOT_CLASS = YES_ERROR;
				CLANG_WARN_QUOTED_INCLUDE_IN_FRAMEWORK_HEADER = YES;
				CLANG_WARN_RANGE_LOOP_ANALYSIS = YES;
				CLANG_WARN_STRICT_PROTOTYPES = YES;
				CLANG_WARN_SUSPICIOUS_MOVE = YES;
				CLANG_WARN_UNGUARDED_AVAILABILITY = YES_AGGRESSIVE;
				CLANG_WARN_UNREACHABLE_CODE = YES;
				CLANG_WARN__DUPLICATE_METHOD_MATCH = YES;
				COPY_PHASE_STRIP = NO;
				DEBUG_INFORMATION_FORMAT = "dwarf-with-dsym";
				ENABLE_NS_ASSERTIONS = NO;
				ENABLE_STRICT_OBJC_MSGSEND = YES;
				GCC_C_LANGUAGE_STANDARD = gnu11;
				GCC_NO_COMMON_BLOCKS = YES;
				GCC_WARN_64_TO_32_BIT_CONVERSION = YES;
				GCC_WARN_ABOUT_RETURN_TYPE = YES_ERROR;
				GCC_WARN_UNDECLARED_SELECTOR = YES;
				GCC_WARN_UNINITIALIZED_AUTOS = YES_AGGRESSIVE;
				GCC_WARN_UNUSED_FUNCTION = YES;
				GCC_WARN_UNUSED_VARIABLE = YES;
				IPHONEOS_DEPLOYMENT_TARGET = 14.5;
				MTL_ENABLE_DEBUG_INFO = NO;
				MTL_FAST_MATH = YES;
				SDKROOT = iphoneos;
				SWIFT_COMPILATION_MODE = wholemodule;
				SWIFT_OPTIMIZATION_LEVEL = "-O";
				VALIDATE_PRODUCT = YES;
			};
			name = Release;
		};
		2B081C0E26C68D3500880D43 /* Debug */ = {
			isa = XCBuildConfiguration;
			buildSettings = {
				ASSETCATALOG_COMPILER_APPICON_NAME = AppIcon;
				ASSETCATALOG_COMPILER_GLOBAL_ACCENT_COLOR_NAME = AccentColor;
				CODE_SIGN_STYLE = Automatic;
				INFOPLIST_FILE = SqliteDemo/Info.plist;
				LD_RUNPATH_SEARCH_PATHS = (
					"$(inherited)",
					"@executable_path/Frameworks",
				);
				PRODUCT_BUNDLE_IDENTIFIER = com.hala.SqliteDemo;
				PRODUCT_NAME = "$(TARGET_NAME)";
				SWIFT_VERSION = 5.0;
				TARGETED_DEVICE_FAMILY = "1,2";
			};
			name = Debug;
		};
		2B081C0F26C68D3500880D43 /* Release */ = {
			isa = XCBuildConfiguration;
			buildSettings = {
				ASSETCATALOG_COMPILER_APPICON_NAME = AppIcon;
				ASSETCATALOG_COMPILER_GLOBAL_ACCENT_COLOR_NAME = AccentColor;
				CODE_SIGN_STYLE = Automatic;
				INFOPLIST_FILE = SqliteDemo/Info.plist;
				LD_RUNPATH_SEARCH_PATHS = (
					"$(inherited)",
					"@executable_path/Frameworks",
				);
				PRODUCT_BUNDLE_IDENTIFIER = com.hala.SqliteDemo;
				PRODUCT_NAME = "$(TARGET_NAME)";
				SWIFT_VERSION = 5.0;
				TARGETED_DEVICE_FAMILY = "1,2";
			};
			name = Release;
		};
/* End XCBuildConfiguration section */

/* Begin XCConfigurationList section */
		2B081BF426C68D3400880D43 /* Build configuration list for PBXProject "SqliteDemo" */ = {
			isa = XCConfigurationList;
			buildConfigurations = (
				2B081C0B26C68D3500880D43 /* Debug */,
				2B081C0C26C68D3500880D43 /* Release */,
			);
			defaultConfigurationIsVisible = 0;
			defaultConfigurationName = Release;
		};
		2B081C0D26C68D3500880D43 /* Build configuration list for PBXNativeTarget "SqliteDemo" */ = {
			isa = XCConfigurationList;
			buildConfigurations = (
				2B081C0E26C68D3500880D43 /* Debug */,
				2B081C0F26C68D3500880D43 /* Release */,
			);
			defaultConfigurationIsVisible = 0;
			defaultConfigurationName = Release;
		};
/* End XCConfigurationList section */
	};
	rootObject = 2B081BF126C68D3400880D43 /* Project object */;
}
